PODS:
  - Alamofire (4.9.1)
  - AppLovinSDK (13.6.4)
  - AppMetricaAdSupport (6.7.0):
    - AppMetricaCore (= 6.7.0)
    - AppMetricaCoreExtension (= 6.7.0)
  - AppMetricaCore (6.7.0):
    - AppMetricaCoreUtils (= 6.7.0)
    - AppMetricaEncodingUtils (= 6.7.0)
    - AppMetricaFMDB (= 6.7.0)
    - AppMetricaHostState (= 6.7.0)
    - AppMetricaIdentifiers (= 6.7.0)
    - AppMetricaKeychain (= 6.7.0)
    - AppMetricaLog (= 6.7.0)
    - AppMetricaNetwork (= 6.7.0)
    - AppMetricaPlatform (= 6.7.0)
    - AppMetricaProtobuf (= 6.7.0)
    - AppMetricaProtobufUtils (= 6.7.0)
    - AppMetricaStorageUtils (= 6.7.0)
    - AppMetricaSynchronization (= 6.7.0)
  - AppMetricaCoreExtension (6.7.0):
    - AppMetricaCore (= 6.7.0)
    - AppMetricaStorageUtils (= 6.7.0)
  - AppMetricaCoreUtils (6.7.0):
    - AppMetricaLog (= 6.7.0)
  - AppMetricaCrashes (6.7.0):
    - AppMetricaCore (= 6.7.0)
    - AppMetricaCoreExtension (= 6.7.0)
    - AppMetricaCoreUtils (= 6.7.0)
    - AppMetricaEncodingUtils (= 6.7.0)
    - AppMetricaHostState (= 6.7.0)
    - AppMetricaLog (= 6.7.0)
    - AppMetricaPlatform (= 6.7.0)
    - AppMetricaProtobuf (= 6.7.0)
    - AppMetricaProtobufUtils (= 6.7.0)
    - AppMetricaStorageUtils (= 6.7.0)
    - KSCrash/Recording (< 2.6.0, >= 2.5.1)
  - AppMetricaEncodingUtils (6.7.0):
    - AppMetricaCoreUtils (= 6.7.0)
    - AppMetricaLog (= 6.7.0)
    - AppMetricaPlatform (= 6.7.0)
  - AppMetricaFMDB (6.7.0)
  - AppMetricaHostState (6.7.0):
    - AppMetricaCoreUtils (= 6.7.0)
    - AppMetricaLog (= 6.7.0)
  - AppMetricaIdentifiers (6.7.0):
    - AppMetricaKeychain (= 6.7.0)
    - AppMetricaLogSwift (= 6.7.0)
    - AppMetricaPlatform (= 6.7.0)
    - AppMetricaStorageUtils (= 6.7.0)
    - AppMetricaSynchronization (= 6.7.0)
  - AppMetricaIDSync (6.7.0):
    - AppMetricaCore (= 6.7.0)
    - AppMetricaCoreExtension (= 6.7.0)
    - AppMetricaCoreUtils (= 6.7.0)
    - AppMetricaLog (= 6.7.0)
    - AppMetricaNetwork (= 6.7.0)
    - AppMetricaPlatform (= 6.7.0)
    - AppMetricaStorageUtils (= 6.7.0)
  - AppMetricaKeychain (6.7.0):
    - AppMetricaCoreUtils (= 6.7.0)
    - AppMetricaLog (= 6.7.0)
    - AppMetricaStorageUtils (= 6.7.0)
  - AppMetricaLibraryAdapter (6.7.0):
    - AppMetricaCore (= 6.7.0)
    - AppMetricaCoreExtension (= 6.7.0)
  - AppMetricaLog (6.7.0)
  - AppMetricaLogSwift (6.7.0):
    - AppMetricaLog (= 6.7.0)
  - AppMetricaNetwork (6.7.0):
    - AppMetricaCoreUtils (= 6.7.0)
    - AppMetricaLog (= 6.7.0)
    - AppMetricaPlatform (= 6.7.0)
  - AppMetricaPlatform (6.7.0):
    - AppMetricaCoreUtils (= 6.7.0)
    - AppMetricaLog (= 6.7.0)
  - AppMetricaProtobuf (6.7.0)
  - AppMetricaProtobufUtils (6.7.0):
    - AppMetricaProtobuf (= 6.7.0)
  - AppMetricaStorageUtils (6.7.0):
    - AppMetricaCoreUtils (= 6.7.0)
    - AppMetricaLog (= 6.7.0)
  - AppMetricaSynchronization (6.7.0):
    - AppMetricaLogSwift (= 6.7.0)
  - Eureka (5.5.0)
  - Google-Mobile-Ads-SDK (13.7.0):
    - GoogleUserMessagingPlatform (>= 1.1)
  - GoogleAds-IMA-iOS-SDK (3.27.4)
  - GoogleUserMessagingPlatform (3.1.0)
  - KSCrash/Core (2.5.1)
  - KSCrash/Recording (2.5.1):
    - KSCrash/RecordingCore
  - KSCrash/RecordingCore (2.5.1):
    - KSCrash/Core
  - RxSwift (6.9.0)
  - SVProgressHUD (2.3.1):
    - SVProgressHUD/Core (= 2.3.1)
  - SVProgressHUD/Core (2.3.1)
  - YandexMobileAds (8.4.0):
    - AppMetricaAdSupport (>= 6.6.0, ~> 6.6)
    - AppMetricaCore (>= 6.6.0, ~> 6.6)
    - AppMetricaCrashes (>= 6.6.0, ~> 6.6)
    - AppMetricaIDSync (>= 6.6.0, ~> 6.6)
    - AppMetricaLibraryAdapter (>= 6.6.0, ~> 6.6)

DEPENDENCIES:
  - Alamofire (= 4.9.1)
  - AppLovinSDK
  - Eureka
  - Google-Mobile-Ads-SDK (>= 13.6.0)
  - GoogleAds-IMA-iOS-SDK
  - RxSwift
  - SVProgressHUD
  - YandexMobileAds (= 8.4.0)

SPEC REPOS:
  trunk:
    - Alamofire
    - AppLovinSDK
    - AppMetricaAdSupport
    - AppMetricaCore
    - AppMetricaCoreExtension
    - AppMetricaCoreUtils
    - AppMetricaCrashes
    - AppMetricaEncodingUtils
    - AppMetricaFMDB
    - AppMetricaHostState
    - AppMetricaIdentifiers
    - AppMetricaIDSync
    - AppMetricaKeychain
    - AppMetricaLibraryAdapter
    - AppMetricaLog
    - AppMetricaLogSwift
    - AppMetricaNetwork
    - AppMetricaPlatform
    - AppMetricaProtobuf
    - AppMetricaProtobufUtils
    - AppMetricaStorageUtils
    - AppMetricaSynchronization
    - Eureka
    - Google-Mobile-Ads-SDK
    - GoogleAds-IMA-iOS-SDK
    - GoogleUserMessagingPlatform
    - KSCrash
    - RxSwift
    - SVProgressHUD
    - YandexMobileAds

SPEC CHECKSUMS:
  Alamofire: 85e8a02c69d6020a0d734f6054870d7ecb75cf18
  AppLovinSDK: 730be87bac90c5b0f7d507c3a2530213f7685370
  AppMetricaAdSupport: ae102d50ef327694fc3dfd037e99cc3001f69514
  AppMetricaCore: 9fdc4092715cc146ef4431c36e9f05244155de34
  AppMetricaCoreExtension: 8d7ef25283904df7d69ce8b758219ee264ccadaa
  AppMetricaCoreUtils: 4d82b9b252d206cf50dbe4cf78252dbe1644f199
  AppMetricaCrashes: 9edb55cf62f85220b018b934825e4c1abe01ac29
  AppMetricaEncodingUtils: 41a89c75e828fbf531d64e573be43934714e39e6
  AppMetricaFMDB: da309b1511f6235768019538a2ad3bf74f71b24f
  AppMetricaHostState: 3e376324f5b8d9475d90e213894620009e990350
  AppMetricaIdentifiers: a6989640208acb1b4074e9cb13c91365fbbf2730
  AppMetricaIDSync: dae939b1c8bedf0f9f1e2e8ce8d8f791505ae52f
  AppMetricaKeychain: 9901fe665108f443c0f95f4817effa5c222d39c5
  AppMetricaLibraryAdapter: 8b1621880744960efee25dd5e4499af054351717
  AppMetricaLog: 0df09f49e49dd8080653a4804d0d847d1a0ded48
  AppMetricaLogSwift: d0ec6209e0fc3dbe3e28b7ded6c6029d31b29860
  AppMetricaNetwork: 89c68d39d00b60884779513d4dca416bdc333a84
  AppMetricaPlatform: 14492fec367cb64e72fa454f20f864d8cf6a4785
  AppMetricaProtobuf: 66dea6ea38643767fa2ff8f325759d00f048b5fc
  AppMetricaProtobufUtils: 07b4b3a8fb46893c5802ff77a48d74b71cb27b55
  AppMetricaStorageUtils: c1148b73b0376dceaa2519817283e01523d488a2
  AppMetricaSynchronization: 95008c50199fe81d3cb3ea989a1c32f3588dcfef
  Eureka: 1c18c7fcd8f772cc2ca42d6be36292dffa77eecb
  Google-Mobile-Ads-SDK: dd0ded6717d122c6a32c69dc4afcace7d276e4e4
  GoogleAds-IMA-iOS-SDK: 1c696013d47bc3cafa48b7de9c8196941bd3105b
  GoogleUserMessagingPlatform: befe603da6501006420c206222acd449bba45a9c
  KSCrash: 8c4464fd5da7de520f2ce4a00fdf63f169a80f18
  RxSwift: 31649ace6aceeb422e16ff71c60804f9c3281ed9
  SVProgressHUD: 4837c74bdfe2e51e8821c397825996a8d7de6e22
  YandexMobileAds: 50b07d238b6af72badfaae85e4670dab013484c8

PODFILE CHECKSUM: 0ff18288c6aa2573d2a4cf3cd8b276a08da9c0ad

COCOAPODS: 1.17.0
